
Microsoft Visual Studio Solution File, Format Version 12.00
# Visual Studio 15
VisualStudioVersion = 15.0.28307.136
MinimumVisualStudioVersion = 10.0.40219.1
Project("{FAE04EC0-301F-11D3-BF4B-00C04F79EFBC}") = "EmptyBot1", "EmptyBot1\EmptyBot1.csproj", "{97FFDD76-85B6-42A1-8926-B8E02AB3CB75}"
EndProject
Global
	GlobalSection(SolutionConfigurationPlatforms) = preSolution
		Debug|Any CPU = Debug|Any CPU
		Release|Any CPU = Release|Any CPU
	EndGlobalSection
	GlobalSection(ProjectConfigurationPlatforms) = postSolution
		{97FFDD76-85B6-42A1-8926-B8E02AB3CB75}.Debug|Any CPU.ActiveCfg = Debug|Any CPU
		{97FFDD76-85B6-42A1-8926-B8E02AB3CB75}.Debug|Any CPU.Build.0 = Debug|Any CPU
		{97FFDD76-85B6-42A1-8926-B8E02AB3CB75}.Release|Any CPU.ActiveCfg = Release|Any CPU
		{97FFDD76-85B6-42A1-8926-B8E02AB3CB75}.Release|Any CPU.Build.0 = Release|Any CPU
	EndGlobalSection
	GlobalSection(SolutionProperties) = preSolution
		HideSolutionNode = FALSE
	EndGlobalSection
	GlobalSection(ExtensibilityGlobals) = postSolution
		SolutionGuid = {75E0532B-A92A-4E6D-B1D2-743F09FAB1CA}
	EndGlobalSection
EndGlobal
